// !$*UTF8*$!
{
	archiveVersion = 1;
	classes = {
	};
	objectVersion = 77;
	objects = {

/* Begin PBXBuildFile section */
		14DC7A161F6C218188EB15DA /* InventorySystem.swift in Sources */ = {isa = PBXBuildFile; fileRef = CFE207DEB042241E6993660C /* InventorySystem.swift */; };
		3869D7F348A2A1EA74C68C5F /* MonsterConfig.swift in Sources */ = {isa = PBXBuildFile; fileRef = 4D56B6198BEF1B706157E8AC /* MonsterConfig.swift */; };
		3ABC44CABCA485C8A894C17A /* RobotLeaderboardModels.swift in Sources */ = {isa = PBXBuildFile; fileRef = C5F025A6F14BCC4CDC03B3CD /* RobotLeaderboardModels.swift */; };
		3C1BEB7F6B5894D233903EB7 /* DungeonResultView.swift in Sources */ = {isa = PBXBuildFile; fileRef = 25801A22FA70C21345383917 /* DungeonResultView.swift */; };
		3CE015B1F0922C716719075B /* monsters.json in Resources */ = {isa = PBXBuildFile; fileRef = C49C1ACF0E1C47D3ABCEF894 /* monsters.json */; };
		41F0EF269BE478ACA20A6AAC /* SaveManager.swift in Sources */ = {isa = PBXBuildFile; fileRef = DAF13D7C551288A25351E446 /* SaveManager.swift */; };
		4E7454ACAD7CEC7E17FF57AB /* PlayerData.swift in Sources */ = {isa = PBXBuildFile; fileRef = D0E64F3A903CA612CE85B368 /* PlayerData.swift */; };
		66017DF4DBD1B6AA8D2A5B1B /* ItemModel.swift in Sources */ = {isa = PBXBuildFile; fileRef = 395ADDB6F0779F5AD0CCB643 /* ItemModel.swift */; };
		6E526636DC52C5D3D9050E96 /* GameContainerView.swift in Sources */ = {isa = PBXBuildFile; fileRef = 9DC631400115A5CDFA6FDCE4 /* GameContainerView.swift */; };
		75BCAF96FAC17E5654BF5352 /* WarriorConfig.swift in Sources */ = {isa = PBXBuildFile; fileRef = C6D16DF3D67DF11AE15EE332 /* WarriorConfig.swift */; };
		7728171DC9160DBC8F7CE6CC /* LootSystem.swift in Sources */ = {isa = PBXBuildFile; fileRef = FE72CBDE8313C19D5E097027 /* LootSystem.swift */; };
		78EAAD0DC05169937550F7CF /* LoginView.swift in Sources */ = {isa = PBXBuildFile; fileRef = 9523272E128C247D32A818BA /* LoginView.swift */; };
		7C2F6837099197CCBCD0A7E6 /* DungeonModels.swift in Sources */ = {isa = PBXBuildFile; fileRef = 30BC1D7922B8F3E8291AE536 /* DungeonModels.swift */; };
		7CE0D7933C509B8EE8594676 /* MarketModels.swift in Sources */ = {isa = PBXBuildFile; fileRef = D1CDD7B33A90F4D8178EF3B1 /* MarketModels.swift */; };
		7D9D219321C4629C34288851 /* items.json in Resources */ = {isa = PBXBuildFile; fileRef = 7FD731097DD7E66172D2EECE /* items.json */; };
		85331E04669219C5131D5DD7 /* MythicRealmApp.swift in Sources */ = {isa = PBXBuildFile; fileRef = 806A0E077F80AE8230F76369 /* MythicRealmApp.swift */; };
		89593DFB8E6736DC6E47417F /* dungeons.json in Resources */ = {isa = PBXBuildFile; fileRef = F7937165D217EC24E107A1A4 /* dungeons.json */; };
		89B88ABC30805642545921BE /* ConfigLoader.swift in Sources */ = {isa = PBXBuildFile; fileRef = D79C96530D9EEC39E86A4A03 /* ConfigLoader.swift */; };
		9803CAFDB70DF0E83E65B085 /* HomeView.swift in Sources */ = {isa = PBXBuildFile; fileRef = DB4D3326CD2BD5ADF0468687 /* HomeView.swift */; };
		B5CE74015410D782B9F8B96E /* CharacterPanelView.swift in Sources */ = {isa = PBXBuildFile; fileRef = 80DF7AA01139227F089E62E0 /* CharacterPanelView.swift */; };
		B695111904D6E9D12FA6F337 /* MarketPricing.swift in Sources */ = {isa = PBXBuildFile; fileRef = 62B893F8578BC6FA6F1C7DC6 /* MarketPricing.swift */; };
		B69AFDB09C9FEA28A2593006 /* AccountManager.swift in Sources */ = {isa = PBXBuildFile; fileRef = 0C9BC88B38F807A0C6CC3DC5 /* AccountManager.swift */; };
		B6B87D85B3D666CF4B33F733 /* CreateCharacterView.swift in Sources */ = {isa = PBXBuildFile; fileRef = 046E53CC319AFDA3BA4A2AB3 /* CreateCharacterView.swift */; };
		B9E43663AD24530464A3D265 /* InventoryView.swift in Sources */ = {isa = PBXBuildFile; fileRef = F3A122CCDDF94D04E033E708 /* InventoryView.swift */; };
		C0A111111111111111111101 /* WorldChatModels.swift in Sources */ = {isa = PBXBuildFile; fileRef = C0A111111111111111111201 /* WorldChatModels.swift */; };
		C0A111111111111111111102 /* WorldChatSystem.swift in Sources */ = {isa = PBXBuildFile; fileRef = C0A111111111111111111202 /* WorldChatSystem.swift */; };
		C0A111111111111111111103 /* WorldChatView.swift in Sources */ = {isa = PBXBuildFile; fileRef = C0A111111111111111111203 /* WorldChatView.swift */; };
		CB1E76B120B8ADC6E0388F62 /* MarketView.swift in Sources */ = {isa = PBXBuildFile; fileRef = 05BF20228E4040410AB203D4 /* MarketView.swift */; };
		CC4EB600C7E89336965B3DA0 /* RobotLeaderboardView.swift in Sources */ = {isa = PBXBuildFile; fileRef = 9A53A584872839E41279746F /* RobotLeaderboardView.swift */; };
		E7CA85C6C9781DDE21E74101 /* MarketSystem.swift in Sources */ = {isa = PBXBuildFile; fileRef = C9B141959704E9BBCFE12F61 /* MarketSystem.swift */; };
		EC6A68B8D54167F635437680 /* RobotLeaderboardSystem.swift in Sources */ = {isa = PBXBuildFile; fileRef = A7CC8170D0E0ADE0B39BF796 /* RobotLeaderboardSystem.swift */; };
		ED8CFAEA9BD02180925A63B9 /* TextBattleEngine.swift in Sources */ = {isa = PBXBuildFile; fileRef = 57891EB9199AC19A51D928BA /* TextBattleEngine.swift */; };
/* End PBXBuildFile section */

/* Begin PBXFileReference section */
		046E53CC319AFDA3BA4A2AB3 /* CreateCharacterView.swift */ = {isa = PBXFileReference; lastKnownFileType = sourcecode.swift; path = CreateCharacterView.swift; sourceTree = "<group>"; };
		05BF20228E4040410AB203D4 /* MarketView.swift */ = {isa = PBXFileReference; lastKnownFileType = sourcecode.swift; path = MarketView.swift; sourceTree = "<group>"; };
		0C9BC88B38F807A0C6CC3DC5 /* AccountManager.swift */ = {isa = PBXFileReference; lastKnownFileType = sourcecode.swift; path = AccountManager.swift; sourceTree = "<group>"; };
		25801A22FA70C21345383917 /* DungeonResultView.swift */ = {isa = PBXFileReference; lastKnownFileType = sourcecode.swift; path = DungeonResultView.swift; sourceTree = "<group>"; };
		30BC1D7922B8F3E8291AE536 /* DungeonModels.swift */ = {isa = PBXFileReference; lastKnownFileType = sourcecode.swift; path = DungeonModels.swift; sourceTree = "<group>"; };
		395ADDB6F0779F5AD0CCB643 /* ItemModel.swift */ = {isa = PBXFileReference; lastKnownFileType = sourcecode.swift; path = ItemModel.swift; sourceTree = "<group>"; };
		4D56B6198BEF1B706157E8AC /* MonsterConfig.swift */ = {isa = PBXFileReference; lastKnownFileType = sourcecode.swift; path = MonsterConfig.swift; sourceTree = "<group>"; };
		57891EB9199AC19A51D928BA /* TextBattleEngine.swift */ = {isa = PBXFileReference; lastKnownFileType = sourcecode.swift; path = TextBattleEngine.swift; sourceTree = "<group>"; };
		62B893F8578BC6FA6F1C7DC6 /* MarketPricing.swift */ = {isa = PBXFileReference; lastKnownFileType = sourcecode.swift; path = MarketPricing.swift; sourceTree = "<group>"; };
		6C1B0BD9415B029C2FFC96DF /* Info.plist */ = {isa = PBXFileReference; lastKnownFileType = text.plist; path = Info.plist; sourceTree = "<group>"; };
		7FD731097DD7E66172D2EECE /* items.json */ = {isa = PBXFileReference; lastKnownFileType = text.json; path = items.json; sourceTree = "<group>"; };
		806A0E077F80AE8230F76369 /* MythicRealmApp.swift */ = {isa = PBXFileReference; lastKnownFileType = sourcecode.swift; path = MythicRealmApp.swift; sourceTree = "<group>"; };
		80DF7AA01139227F089E62E0 /* CharacterPanelView.swift */ = {isa = PBXFileReference; lastKnownFileType = sourcecode.swift; path = CharacterPanelView.swift; sourceTree = "<group>"; };
		9523272E128C247D32A818BA /* LoginView.swift */ = {isa = PBXFileReference; lastKnownFileType = sourcecode.swift; path = LoginView.swift; sourceTree = "<group>"; };
		99DBFDFBC5C9D8BF9D1D47D9 /* MythicRealm.app */ = {isa = PBXFileReference; includeInIndex = 0; lastKnownFileType = wrapper.application; path = MythicRealm.app; sourceTree = BUILT_PRODUCTS_DIR; };
		9A53A584872839E41279746F /* RobotLeaderboardView.swift */ = {isa = PBXFileReference; lastKnownFileType = sourcecode.swift; path = RobotLeaderboardView.swift; sourceTree = "<group>"; };
		9DC631400115A5CDFA6FDCE4 /* GameContainerView.swift */ = {isa = PBXFileReference; lastKnownFileType = sourcecode.swift; path = GameContainerView.swift; sourceTree = "<group>"; };
		A7CC8170D0E0ADE0B39BF796 /* RobotLeaderboardSystem.swift */ = {isa = PBXFileReference; lastKnownFileType = sourcecode.swift; path = RobotLeaderboardSystem.swift; sourceTree = "<group>"; };
		C49C1ACF0E1C47D3ABCEF894 /* monsters.json */ = {isa = PBXFileReference; lastKnownFileType = text.json; path = monsters.json; sourceTree = "<group>"; };
		C5F025A6F14BCC4CDC03B3CD /* RobotLeaderboardModels.swift */ = {isa = PBXFileReference; lastKnownFileType = sourcecode.swift; path = RobotLeaderboardModels.swift; sourceTree = "<group>"; };
		C6D16DF3D67DF11AE15EE332 /* WarriorConfig.swift */ = {isa = PBXFileReference; lastKnownFileType = sourcecode.swift; path = WarriorConfig.swift; sourceTree = "<group>"; };
		C9B141959704E9BBCFE12F61 /* MarketSystem.swift */ = {isa = PBXFileReference; lastKnownFileType = sourcecode.swift; path = MarketSystem.swift; sourceTree = "<group>"; };
		C0A111111111111111111201 /* WorldChatModels.swift */ = {isa = PBXFileReference; lastKnownFileType = sourcecode.swift; path = WorldChatModels.swift; sourceTree = "<group>"; };
		C0A111111111111111111202 /* WorldChatSystem.swift */ = {isa = PBXFileReference; lastKnownFileType = sourcecode.swift; path = WorldChatSystem.swift; sourceTree = "<group>"; };
		C0A111111111111111111203 /* WorldChatView.swift */ = {isa = PBXFileReference; lastKnownFileType = sourcecode.swift; path = WorldChatView.swift; sourceTree = "<group>"; };
		CFE207DEB042241E6993660C /* InventorySystem.swift */ = {isa = PBXFileReference; lastKnownFileType = sourcecode.swift; path = InventorySystem.swift; sourceTree = "<group>"; };
		D0E64F3A903CA612CE85B368 /* PlayerData.swift */ = {isa = PBXFileReference; lastKnownFileType = sourcecode.swift; path = PlayerData.swift; sourceTree = "<group>"; };
		D1CDD7B33A90F4D8178EF3B1 /* MarketModels.swift */ = {isa = PBXFileReference; lastKnownFileType = sourcecode.swift; path = MarketModels.swift; sourceTree = "<group>"; };
		D79C96530D9EEC39E86A4A03 /* ConfigLoader.swift */ = {isa = PBXFileReference; lastKnownFileType = sourcecode.swift; path = ConfigLoader.swift; sourceTree = "<group>"; };
		DAF13D7C551288A25351E446 /* SaveManager.swift */ = {isa = PBXFileReference; lastKnownFileType = sourcecode.swift; path = SaveManager.swift; sourceTree = "<group>"; };
		DB4D3326CD2BD5ADF0468687 /* HomeView.swift */ = {isa = PBXFileReference; lastKnownFileType = sourcecode.swift; path = HomeView.swift; sourceTree = "<group>"; };
		F3A122CCDDF94D04E033E708 /* InventoryView.swift */ = {isa = PBXFileReference; lastKnownFileType = sourcecode.swift; path = InventoryView.swift; sourceTree = "<group>"; };
		F7937165D217EC24E107A1A4 /* dungeons.json */ = {isa = PBXFileReference; lastKnownFileType = text.json; path = dungeons.json; sourceTree = "<group>"; };
		FE72CBDE8313C19D5E097027 /* LootSystem.swift */ = {isa = PBXFileReference; lastKnownFileType = sourcecode.swift; path = LootSystem.swift; sourceTree = "<group>"; };
/* End PBXFileReference section */

/* Begin PBXGroup section */
		0859AB7C80FD1A52B0CEB3D8 /* Equipment */ = {
			isa = PBXGroup;
			children = (
				CFE207DEB042241E6993660C /* InventorySystem.swift */,
				395ADDB6F0779F5AD0CCB643 /* ItemModel.swift */,
				FE72CBDE8313C19D5E097027 /* LootSystem.swift */,
			);
			path = Equipment;
			sourceTree = "<group>";
		};
		1B9C9E771EC821C4A8B2568D = {
			isa = PBXGroup;
			children = (
				AE4711B4DDDEDEA18A34814A /* MythicRealm */,
				8398AAC1A4B9962B78A58849 /* Products */,
			);
			sourceTree = "<group>";
		};
		24311F553DA68FE0C095A5E7 /* HUD */ = {
			isa = PBXGroup;
			children = (
				9DC631400115A5CDFA6FDCE4 /* GameContainerView.swift */,
			);
			path = HUD;
			sourceTree = "<group>";
		};
		27B9BBAEA9A8AAB021102FD0 /* Data */ = {
			isa = PBXGroup;
			children = (
				0C9BC88B38F807A0C6CC3DC5 /* AccountManager.swift */,
				D79C96530D9EEC39E86A4A03 /* ConfigLoader.swift */,
				DAF13D7C551288A25351E446 /* SaveManager.swift */,
			);
			path = Data;
			sourceTree = "<group>";
		};
		31F36F8765B79DCA79A124EB /* Character */ = {
			isa = PBXGroup;
			children = (
				D0E64F3A903CA612CE85B368 /* PlayerData.swift */,
				C6D16DF3D67DF11AE15EE332 /* WarriorConfig.swift */,
			);
			path = Character;
			sourceTree = "<group>";
		};
		3A9E11187C62D0512B832FDA /* Character */ = {
			isa = PBXGroup;
			children = (
				80DF7AA01139227F089E62E0 /* CharacterPanelView.swift */,
			);
			path = Character;
			sourceTree = "<group>";
		};
		C0A111111111111111111301 /* Chat */ = {
			isa = PBXGroup;
			children = (
				C0A111111111111111111201 /* WorldChatModels.swift */,
				C0A111111111111111111202 /* WorldChatSystem.swift */,
			);
			path = Chat;
			sourceTree = "<group>";
		};
		C0A111111111111111111302 /* Chat */ = {
			isa = PBXGroup;
			children = (
				C0A111111111111111111203 /* WorldChatView.swift */,
			);
			path = Chat;
			sourceTree = "<group>";
		};
		526958E5FE94B6B5367EFAD1 /* UI */ = {
			isa = PBXGroup;
			children = (
				3A9E11187C62D0512B832FDA /* Character */,
				C0A111111111111111111302 /* Chat */,
				24311F553DA68FE0C095A5E7 /* HUD */,
				6A5ECF4369DDA5F388801241 /* Inventory */,
				CC6704C0DED3D0BB57DB83E3 /* Leaderboard */,
				B705DED8CBC8A4BCF9A5651D /* Market */,
				ED5A8D518999F5F02146232D /* Menu */,
			);
			path = UI;
			sourceTree = "<group>";
		};
		6A5ECF4369DDA5F388801241 /* Inventory */ = {
			isa = PBXGroup;
			children = (
				F3A122CCDDF94D04E033E708 /* InventoryView.swift */,
			);
			path = Inventory;
			sourceTree = "<group>";
		};
		77FA8428BD36F367812B2169 /* Dungeon */ = {
			isa = PBXGroup;
			children = (
				30BC1D7922B8F3E8291AE536 /* DungeonModels.swift */,
			);
			path = Dungeon;
			sourceTree = "<group>";
		};
		7AF535FEC91D2A08F2218DAD /* Market */ = {
			isa = PBXGroup;
			children = (
				D1CDD7B33A90F4D8178EF3B1 /* MarketModels.swift */,
				62B893F8578BC6FA6F1C7DC6 /* MarketPricing.swift */,
				C9B141959704E9BBCFE12F61 /* MarketSystem.swift */,
			);
			path = Market;
			sourceTree = "<group>";
		};
		8398AAC1A4B9962B78A58849 /* Products */ = {
			isa = PBXGroup;
			children = (
				99DBFDFBC5C9D8BF9D1D47D9 /* MythicRealm.app */,
			);
			name = Products;
			sourceTree = "<group>";
		};
		8D857FE1BAE7262B6A2EF5C1 /* Combat */ = {
			isa = PBXGroup;
			children = (
				57891EB9199AC19A51D928BA /* TextBattleEngine.swift */,
			);
			path = Combat;
			sourceTree = "<group>";
		};
		A5C1E9BC15336E6257FA0824 /* Leaderboard */ = {
			isa = PBXGroup;
			children = (
				C5F025A6F14BCC4CDC03B3CD /* RobotLeaderboardModels.swift */,
				A7CC8170D0E0ADE0B39BF796 /* RobotLeaderboardSystem.swift */,
			);
			path = Leaderboard;
			sourceTree = "<group>";
		};
		AE4711B4DDDEDEA18A34814A /* MythicRealm */ = {
			isa = PBXGroup;
			children = (
				6C1B0BD9415B029C2FFC96DF /* Info.plist */,
				B8F2543E93927BF915E12BD9 /* App */,
				27B9BBAEA9A8AAB021102FD0 /* Data */,
				C847C5C6D071EA0D6A70D9A6 /* Game */,
				F46735A5E70C54A3DD472B7E /* Resources */,
				526958E5FE94B6B5367EFAD1 /* UI */,
			);
			path = MythicRealm;
			sourceTree = "<group>";
		};
		B705DED8CBC8A4BCF9A5651D /* Market */ = {
			isa = PBXGroup;
			children = (
				05BF20228E4040410AB203D4 /* MarketView.swift */,
			);
			path = Market;
			sourceTree = "<group>";
		};
		B8F2543E93927BF915E12BD9 /* App */ = {
			isa = PBXGroup;
			children = (
				806A0E077F80AE8230F76369 /* MythicRealmApp.swift */,
			);
			path = App;
			sourceTree = "<group>";
		};
		BA7E6DD34A51D3B072C82B07 /* Monster */ = {
			isa = PBXGroup;
			children = (
				4D56B6198BEF1B706157E8AC /* MonsterConfig.swift */,
			);
			path = Monster;
			sourceTree = "<group>";
		};
		C847C5C6D071EA0D6A70D9A6 /* Game */ = {
			isa = PBXGroup;
			children = (
				31F36F8765B79DCA79A124EB /* Character */,
				C0A111111111111111111301 /* Chat */,
				8D857FE1BAE7262B6A2EF5C1 /* Combat */,
				77FA8428BD36F367812B2169 /* Dungeon */,
				0859AB7C80FD1A52B0CEB3D8 /* Equipment */,
				A5C1E9BC15336E6257FA0824 /* Leaderboard */,
				7AF535FEC91D2A08F2218DAD /* Market */,
				BA7E6DD34A51D3B072C82B07 /* Monster */,
			);
			path = Game;
			sourceTree = "<group>";
		};
		CC6704C0DED3D0BB57DB83E3 /* Leaderboard */ = {
			isa = PBXGroup;
			children = (
				9A53A584872839E41279746F /* RobotLeaderboardView.swift */,
			);
			path = Leaderboard;
			sourceTree = "<group>";
		};
		ED5A8D518999F5F02146232D /* Menu */ = {
			isa = PBXGroup;
			children = (
				046E53CC319AFDA3BA4A2AB3 /* CreateCharacterView.swift */,
				25801A22FA70C21345383917 /* DungeonResultView.swift */,
				DB4D3326CD2BD5ADF0468687 /* HomeView.swift */,
				9523272E128C247D32A818BA /* LoginView.swift */,
			);
			path = Menu;
			sourceTree = "<group>";
		};
		F46735A5E70C54A3DD472B7E /* Resources */ = {
			isa = PBXGroup;
			children = (
				F7937165D217EC24E107A1A4 /* dungeons.json */,
				7FD731097DD7E66172D2EECE /* items.json */,
				C49C1ACF0E1C47D3ABCEF894 /* monsters.json */,
			);
			path = Resources;
			sourceTree = "<group>";
		};
/* End PBXGroup section */

/* Begin PBXNativeTarget section */
		74F3CFC7BA12B0B5C3E082CE /* MythicRealm */ = {
			isa = PBXNativeTarget;
			buildConfigurationList = B7FA7BFC0374BF0CB074D97B /* Build configuration list for PBXNativeTarget "MythicRealm" */;
			buildPhases = (
				DA40455EAF4530FCD7923CD7 /* Sources */,
				2938E419B87D2E3064C9A10F /* Resources */,
			);
			buildRules = (
			);
			dependencies = (
			);
			name = MythicRealm;
			packageProductDependencies = (
			);
			productName = MythicRealm;
			productReference = 99DBFDFBC5C9D8BF9D1D47D9 /* MythicRealm.app */;
			productType = "com.apple.product-type.application";
		};
/* End PBXNativeTarget section */

/* Begin PBXProject section */
		4690226C00F345DA10084A12 /* Project object */ = {
			isa = PBXProject;
			attributes = {
				BuildIndependentTargetsInParallel = YES;
				LastUpgradeCheck = 1600;
				TargetAttributes = {
				};
			};
			buildConfigurationList = 1786CCC32B2EDBD748D3E5B4 /* Build configuration list for PBXProject "MythicRealm" */;
			developmentRegion = en;
			hasScannedForEncodings = 0;
			knownRegions = (
				Base,
				en,
			);
			mainGroup = 1B9C9E771EC821C4A8B2568D;
			minimizedProjectReferenceProxies = 1;
			preferredProjectObjectVersion = 77;
			productRefGroup = 8398AAC1A4B9962B78A58849 /* Products */;
			projectDirPath = "";
			projectRoot = "";
			targets = (
				74F3CFC7BA12B0B5C3E082CE /* MythicRealm */,
			);
		};
/* End PBXProject section */

/* Begin PBXResourcesBuildPhase section */
		2938E419B87D2E3064C9A10F /* Resources */ = {
			isa = PBXResourcesBuildPhase;
			buildActionMask = 2147483647;
			files = (
				89593DFB8E6736DC6E47417F /* dungeons.json in Resources */,
				7D9D219321C4629C34288851 /* items.json in Resources */,
				3CE015B1F0922C716719075B /* monsters.json in Resources */,
			);
			runOnlyForDeploymentPostprocessing = 0;
		};
/* End PBXResourcesBuildPhase section */

/* Begin PBXSourcesBuildPhase section */
		DA40455EAF4530FCD7923CD7 /* Sources */ = {
			isa = PBXSourcesBuildPhase;
			buildActionMask = 2147483647;
			files = (
				B69AFDB09C9FEA28A2593006 /* AccountManager.swift in Sources */,
				B5CE74015410D782B9F8B96E /* CharacterPanelView.swift in Sources */,
				89B88ABC30805642545921BE /* ConfigLoader.swift in Sources */,
				B6B87D85B3D666CF4B33F733 /* CreateCharacterView.swift in Sources */,
				7C2F6837099197CCBCD0A7E6 /* DungeonModels.swift in Sources */,
				3C1BEB7F6B5894D233903EB7 /* DungeonResultView.swift in Sources */,
				6E526636DC52C5D3D9050E96 /* GameContainerView.swift in Sources */,
				9803CAFDB70DF0E83E65B085 /* HomeView.swift in Sources */,
				14DC7A161F6C218188EB15DA /* InventorySystem.swift in Sources */,
				B9E43663AD24530464A3D265 /* InventoryView.swift in Sources */,
				66017DF4DBD1B6AA8D2A5B1B /* ItemModel.swift in Sources */,
				78EAAD0DC05169937550F7CF /* LoginView.swift in Sources */,
				7728171DC9160DBC8F7CE6CC /* LootSystem.swift in Sources */,
				7CE0D7933C509B8EE8594676 /* MarketModels.swift in Sources */,
				B695111904D6E9D12FA6F337 /* MarketPricing.swift in Sources */,
				E7CA85C6C9781DDE21E74101 /* MarketSystem.swift in Sources */,
				CB1E76B120B8ADC6E0388F62 /* MarketView.swift in Sources */,
				3869D7F348A2A1EA74C68C5F /* MonsterConfig.swift in Sources */,
				85331E04669219C5131D5DD7 /* MythicRealmApp.swift in Sources */,
				4E7454ACAD7CEC7E17FF57AB /* PlayerData.swift in Sources */,
				3ABC44CABCA485C8A894C17A /* RobotLeaderboardModels.swift in Sources */,
				EC6A68B8D54167F635437680 /* RobotLeaderboardSystem.swift in Sources */,
				CC4EB600C7E89336965B3DA0 /* RobotLeaderboardView.swift in Sources */,
				41F0EF269BE478ACA20A6AAC /* SaveManager.swift in Sources */,
				ED8CFAEA9BD02180925A63B9 /* TextBattleEngine.swift in Sources */,
				75BCAF96FAC17E5654BF5352 /* WarriorConfig.swift in Sources */,
				C0A111111111111111111101 /* WorldChatModels.swift in Sources */,
				C0A111111111111111111102 /* WorldChatSystem.swift in Sources */,
				C0A111111111111111111103 /* WorldChatView.swift in Sources */,
			);
			runOnlyForDeploymentPostprocessing = 0;
		};
/* End PBXSourcesBuildPhase section */

/* Begin XCBuildConfiguration section */
		049E37590333E2A09F4A172F /* Debug */ = {
			isa = XCBuildConfiguration;
			buildSettings = {
				ALWAYS_SEARCH_USER_PATHS = NO;
				CLANG_ANALYZER_NONNULL = YES;
				CLANG_ANALYZER_NUMBER_OBJECT_CONVERSION = YES_AGGRESSIVE;
				CLANG_CXX_LANGUAGE_STANDARD = "gnu++14";
				CLANG_CXX_LIBRARY = "libc++";
				CLANG_ENABLE_MODULES = YES;
				CLANG_ENABLE_OBJC_ARC = YES;
				CLANG_ENABLE_OBJC_WEAK = YES;
				CLANG_WARN_BLOCK_CAPTURE_AUTORELEASING = YES;
				CLANG_WARN_BOOL_CONVERSION = YES;
				CLANG_WARN_COMMA = YES;
				CLANG_WARN_CONSTANT_CONVERSION = YES;
				CLANG_WARN_DEPRECATED_OBJC_IMPLEMENTATIONS = YES;
				CLANG_WARN_DIRECT_OBJC_ISA_USAGE = YES_ERROR;
				CLANG_WARN_DOCUMENTATION_COMMENTS = YES;
				CLANG_WARN_EMPTY_BODY = YES;
				CLANG_WARN_ENUM_CONVERSION = YES;
				CLANG_WARN_INFINITE_RECURSION = YES;
				CLANG_WARN_INT_CONVERSION = YES;
				CLANG_WARN_NON_LITERAL_NULL_CONVERSION = YES;
				CLANG_WARN_OBJC_IMPLICIT_RETAIN_SELF = YES;
				CLANG_WARN_OBJC_LITERAL_CONVERSION = YES;
				CLANG_WARN_OBJC_ROOT_CLASS = YES_ERROR;
				CLANG_WARN_QUOTED_INCLUDE_IN_FRAMEWORK_HEADER = YES;
				CLANG_WARN_RANGE_LOOP_ANALYSIS = YES;
				CLANG_WARN_STRICT_PROTOTYPES = YES;
				CLANG_WARN_SUSPICIOUS_MOVE = YES;
				CLANG_WARN_UNGUARDED_AVAILABILITY = YES_AGGRESSIVE;
				CLANG_WARN_UNREACHABLE_CODE = YES;
				CLANG_WARN__DUPLICATE_METHOD_MATCH = YES;
				COPY_PHASE_STRIP = NO;
				DEBUG_INFORMATION_FORMAT = dwarf;
				ENABLE_STRICT_OBJC_MSGSEND = YES;
				ENABLE_TESTABILITY = YES;
				GCC_C_LANGUAGE_STANDARD = gnu11;
				GCC_DYNAMIC_NO_PIC = NO;
				GCC_NO_COMMON_BLOCKS = YES;
				GCC_OPTIMIZATION_LEVEL = 0;
				GCC_PREPROCESSOR_DEFINITIONS = (
					"$(inherited)",
					"DEBUG=1",
				);
				GCC_WARN_64_TO_32_BIT_CONVERSION = YES;
				GCC_WARN_ABOUT_RETURN_TYPE = YES_ERROR;
				GCC_WARN_UNDECLARED_SELECTOR = YES;
				GCC_WARN_UNINITIALIZED_AUTOS = YES_AGGRESSIVE;
				GCC_WARN_UNUSED_FUNCTION = YES;
				GCC_WARN_UNUSED_VARIABLE = YES;
				INFOPLIST_KEY_UILaunchScreen_Generation = YES;
				INFOPLIST_KEY_UISupportedInterfaceOrientations = UIInterfaceOrientationPortrait;
				IPHONEOS_DEPLOYMENT_TARGET = 17.0;
				MTL_ENABLE_DEBUG_INFO = INCLUDE_SOURCE;
				MTL_FAST_MATH = YES;
				ONLY_ACTIVE_ARCH = YES;
				PRODUCT_NAME = "$(TARGET_NAME)";
				SDKROOT = iphoneos;
				SWIFT_ACTIVE_COMPILATION_CONDITIONS = DEBUG;
				SWIFT_OPTIMIZATION_LEVEL = "-Onone";
				SWIFT_VERSION = 5.0;
				TARGETED_DEVICE_FAMILY = 1;
			};
			name = Debug;
		};
		47188261341474A178D28D28 /* Release */ = {
			isa = XCBuildConfiguration;
			buildSettings = {
				ASSETCATALOG_COMPILER_APPICON_NAME = AppIcon;
				CODE_SIGN_IDENTITY = "iPhone Developer";
				INFOPLIST_FILE = MythicRealm/Info.plist;
				INFOPLIST_KEY_UIApplicationSceneManifest_Generation = YES;
				LD_RUNPATH_SEARCH_PATHS = (
					"$(inherited)",
					"@executable_path/Frameworks",
				);
				PRODUCT_BUNDLE_IDENTIFIER = com.mythicrealm.game;
				SDKROOT = iphoneos;
				SWIFT_STRICT_CONCURRENCY = minimal;
				SWIFT_VERSION = 5.0;
				TARGETED_DEVICE_FAMILY = "1,2";
			};
			name = Release;
		};
		72269B4C611E3CAC40A1FB92 /* Release */ = {
			isa = XCBuildConfiguration;
			buildSettings = {
				ALWAYS_SEARCH_USER_PATHS = NO;
				CLANG_ANALYZER_NONNULL = YES;
				CLANG_ANALYZER_NUMBER_OBJECT_CONVERSION = YES_AGGRESSIVE;
				CLANG_CXX_LANGUAGE_STANDARD = "gnu++14";
				CLANG_CXX_LIBRARY = "libc++";
				CLANG_ENABLE_MODULES = YES;
				CLANG_ENABLE_OBJC_ARC = YES;
				CLANG_ENABLE_OBJC_WEAK = YES;
				CLANG_WARN_BLOCK_CAPTURE_AUTORELEASING = YES;
				CLANG_WARN_BOOL_CONVERSION = YES;
				CLANG_WARN_COMMA = YES;
				CLANG_WARN_CONSTANT_CONVERSION = YES;
				CLANG_WARN_DEPRECATED_OBJC_IMPLEMENTATIONS = YES;
				CLANG_WARN_DIRECT_OBJC_ISA_USAGE = YES_ERROR;
				CLANG_WARN_DOCUMENTATION_COMMENTS = YES;
				CLANG_WARN_EMPTY_BODY = YES;
				CLANG_WARN_ENUM_CONVERSION = YES;
				CLANG_WARN_INFINITE_RECURSION = YES;
				CLANG_WARN_INT_CONVERSION = YES;
				CLANG_WARN_NON_LITERAL_NULL_CONVERSION = YES;
				CLANG_WARN_OBJC_IMPLICIT_RETAIN_SELF = YES;
				CLANG_WARN_OBJC_LITERAL_CONVERSION = YES;
				CLANG_WARN_OBJC_ROOT_CLASS = YES_ERROR;
				CLANG_WARN_QUOTED_INCLUDE_IN_FRAMEWORK_HEADER = YES;
				CLANG_WARN_RANGE_LOOP_ANALYSIS = YES;
				CLANG_WARN_STRICT_PROTOTYPES = YES;
				CLANG_WARN_SUSPICIOUS_MOVE = YES;
				CLANG_WARN_UNGUARDED_AVAILABILITY = YES_AGGRESSIVE;
				CLANG_WARN_UNREACHABLE_CODE = YES;
				CLANG_WARN__DUPLICATE_METHOD_MATCH = YES;
				COPY_PHASE_STRIP = NO;
				DEBUG_INFORMATION_FORMAT = "dwarf-with-dsym";
				ENABLE_NS_ASSERTIONS = NO;
				ENABLE_STRICT_OBJC_MSGSEND = YES;
				GCC_C_LANGUAGE_STANDARD = gnu11;
				GCC_NO_COMMON_BLOCKS = YES;
				GCC_WARN_64_TO_32_BIT_CONVERSION = YES;
				GCC_WARN_ABOUT_RETURN_TYPE = YES_ERROR;
				GCC_WARN_UNDECLARED_SELECTOR = YES;
				GCC_WARN_UNINITIALIZED_AUTOS = YES_AGGRESSIVE;
				GCC_WARN_UNUSED_FUNCTION = YES;
				GCC_WARN_UNUSED_VARIABLE = YES;
				INFOPLIST_KEY_UILaunchScreen_Generation = YES;
				INFOPLIST_KEY_UISupportedInterfaceOrientations = UIInterfaceOrientationPortrait;
				IPHONEOS_DEPLOYMENT_TARGET = 17.0;
				MTL_ENABLE_DEBUG_INFO = NO;
				MTL_FAST_MATH = YES;
				PRODUCT_NAME = "$(TARGET_NAME)";
				SDKROOT = iphoneos;
				SWIFT_COMPILATION_MODE = wholemodule;
				SWIFT_OPTIMIZATION_LEVEL = "-O";
				SWIFT_VERSION = 5.0;
				TARGETED_DEVICE_FAMILY = 1;
			};
			name = Release;
		};
		883044E9EB53DBD0AD26F744 /* Debug */ = {
			isa = XCBuildConfiguration;
			buildSettings = {
				ASSETCATALOG_COMPILER_APPICON_NAME = AppIcon;
				CODE_SIGN_IDENTITY = "iPhone Developer";
				INFOPLIST_FILE = MythicRealm/Info.plist;
				INFOPLIST_KEY_UIApplicationSceneManifest_Generation = YES;
				LD_RUNPATH_SEARCH_PATHS = (
					"$(inherited)",
					"@executable_path/Frameworks",
				);
				PRODUCT_BUNDLE_IDENTIFIER = com.mythicrealm.game;
				SDKROOT = iphoneos;
				SWIFT_STRICT_CONCURRENCY = minimal;
				SWIFT_VERSION = 5.0;
				TARGETED_DEVICE_FAMILY = "1,2";
			};
			name = Debug;
		};
/* End XCBuildConfiguration section */

/* Begin XCConfigurationList section */
		1786CCC32B2EDBD748D3E5B4 /* Build configuration list for PBXProject "MythicRealm" */ = {
			isa = XCConfigurationList;
			buildConfigurations = (
				049E37590333E2A09F4A172F /* Debug */,
				72269B4C611E3CAC40A1FB92 /* Release */,
			);
			defaultConfigurationIsVisible = 0;
			defaultConfigurationName = Debug;
		};
		B7FA7BFC0374BF0CB074D97B /* Build configuration list for PBXNativeTarget "MythicRealm" */ = {
			isa = XCConfigurationList;
			buildConfigurations = (
				883044E9EB53DBD0AD26F744 /* Debug */,
				47188261341474A178D28D28 /* Release */,
			);
			defaultConfigurationIsVisible = 0;
			defaultConfigurationName = Debug;
		};
/* End XCConfigurationList section */
	};
	rootObject = 4690226C00F345DA10084A12 /* Project object */;
}
